
Microsoft Visual Studio Solution File, Format Version 12.00
# Visual Studio Version 17
VisualStudioVersion = 17.4.33110.190
MinimumVisualStudioVersion = 10.0.40219.1
Project("{9A19103F-16F7-4668-BE54-9A1E7A4F7556}") = "CarAuctions.Domain", "CarAuctions.Domain\CarAuctions.Domain.csproj", "{CA847892-8325-4C52-BDD9-2E83DABFCEE5}"
EndProject
Project("{9A19103F-16F7-4668-BE54-9A1E7A4F7556}") = "CarAuctions.Infra", "CarAuctions.Data\CarAuctions.Infra.csproj", "{13BD9066-FFEA-4B52-9A3C-79843D01ED05}"
EndProject
Project("{9A19103F-16F7-4668-BE54-9A1E7A4F7556}") = "CarAuctions.Application", "CarAuctions.Application\CarAuctions.Application.csproj", "{FD56515A-0E69-4107-894C-C85E9F339B13}"
EndProject
Project("{9A19103F-16F7-4668-BE54-9A1E7A4F7556}") = "CarAuctions.UI", "CarAuctions.UI\CarAuctions.UI.csproj", "{998903A8-8EED-456B-924C-99816A0A3E75}"
EndProject
Project("{9A19103F-16F7-4668-BE54-9A1E7A4F7556}") = "CarAuctions.Application.Tests", "CarAuctions.Application.Tests\CarAuctions.Application.Tests.csproj", "{CFE5D5BF-558D-44E4-B23E-B67BD936F79A}"
EndProject
Global
	GlobalSection(SolutionConfigurationPlatforms) = preSolution
		Debug|Any CPU = Debug|Any CPU
		Release|Any CPU = Release|Any CPU
	EndGlobalSection
	GlobalSection(ProjectConfigurationPlatforms) = postSolution
		{CA847892-8325-4C52-BDD9-2E83DABFCEE5}.Debug|Any CPU.ActiveCfg = Debug|Any CPU
		{CA847892-8325-4C52-BDD9-2E83DABFCEE5}.Debug|Any CPU.Build.0 = Debug|Any CPU
		{CA847892-8325-4C52-BDD9-2E83DABFCEE5}.Release|Any CPU.ActiveCfg = Release|Any CPU
		{CA847892-8325-4C52-BDD9-2E83DABFCEE5}.Release|Any CPU.Build.0 = Release|Any CPU
		{13BD9066-FFEA-4B52-9A3C-79843D01ED05}.Debug|Any CPU.ActiveCfg = Debug|Any CPU
		{13BD9066-FFEA-4B52-9A3C-79843D01ED05}.Debug|Any CPU.Build.0 = Debug|Any CPU
		{13BD9066-FFEA-4B52-9A3C-79843D01ED05}.Release|Any CPU.ActiveCfg = Release|Any CPU
		{13BD9066-FFEA-4B52-9A3C-79843D01ED05}.Release|Any CPU.Build.0 = Release|Any CPU
		{FD56515A-0E69-4107-894C-C85E9F339B13}.Debug|Any CPU.ActiveCfg = Debug|Any CPU
		{FD56515A-0E69-4107-894C-C85E9F339B13}.Debug|Any CPU.Build.0 = Debug|Any CPU
		{FD56515A-0E69-4107-894C-C85E9F339B13}.Release|Any CPU.ActiveCfg = Release|Any CPU
		{FD56515A-0E69-4107-894C-C85E9F339B13}.Release|Any CPU.Build.0 = Release|Any CPU
		{998903A8-8EED-456B-924C-99816A0A3E75}.Debug|Any CPU.ActiveCfg = Debug|Any CPU
		{998903A8-8EED-456B-924C-99816A0A3E75}.Debug|Any CPU.Build.0 = Debug|Any CPU
		{998903A8-8EED-456B-924C-99816A0A3E75}.Release|Any CPU.ActiveCfg = Release|Any CPU
		{998903A8-8EED-456B-924C-99816A0A3E75}.Release|Any CPU.Build.0 = Release|Any CPU
		{CFE5D5BF-558D-44E4-B23E-B67BD936F79A}.Debug|Any CPU.ActiveCfg = Debug|Any CPU
		{CFE5D5BF-558D-44E4-B23E-B67BD936F79A}.Debug|Any CPU.Build.0 = Debug|Any CPU
		{CFE5D5BF-558D-44E4-B23E-B67BD936F79A}.Release|Any CPU.ActiveCfg = Release|Any CPU
		{CFE5D5BF-558D-44E4-B23E-B67BD936F79A}.Release|Any CPU.Build.0 = Release|Any CPU
	EndGlobalSection
	GlobalSection(SolutionProperties) = preSolution
		HideSolutionNode = FALSE
	EndGlobalSection
	GlobalSection(ExtensibilityGlobals) = postSolution
		SolutionGuid = {3EC9C3DF-181F-4280-9801-FBF2114D73F8}
	EndGlobalSection
EndGlobal
